
Microsoft Visual Studio Solution File, Format Version 12.00
# Visual Studio Version 17
VisualStudioVersion = 17.2.32616.157
MinimumVisualStudioVersion = 10.0.40219.1
Project("{FAE04EC0-301F-11D3-BF4B-00C04F79EFBC}") = "MBulletTime", "MBulletTime\MBulletTime.csproj", "{C4540682-EA5B-404C-A64D-C8CD867F3BA4}"
EndProject
Global
	GlobalSection(SolutionConfigurationPlatforms) = preSolution
		Debug|Any CPU = Debug|Any CPU
		Release|Any CPU = Release|Any CPU
	EndGlobalSection
	GlobalSection(ProjectConfigurationPlatforms) = postSolution
		{C4540682-EA5B-404C-A64D-C8CD867F3BA4}.Debug|Any CPU.ActiveCfg = Debug|Any CPU
		{C4540682-EA5B-404C-A64D-C8CD867F3BA4}.Debug|Any CPU.Build.0 = Debug|Any CPU
		{C4540682-EA5B-404C-A64D-C8CD867F3BA4}.Release|Any CPU.ActiveCfg = Release|Any CPU
		{C4540682-EA5B-404C-A64D-C8CD867F3BA4}.Release|Any CPU.Build.0 = Release|Any CPU
	EndGlobalSection
	GlobalSection(SolutionProperties) = preSolution
		HideSolutionNode = FALSE
	EndGlobalSection
	GlobalSection(ExtensibilityGlobals) = postSolution
		SolutionGuid = {4F31B25F-48E3-4A71-9E5F-A8EC8F0D3527}
	EndGlobalSection
EndGlobal
